{
  "name": "factory",
  "version": "0.1.0",
  "lockfileVersion": 3,
  "requires": true,
  "packages": {
    "": {
      "name": "factory",
      "version": "0.1.0",
      "dependencies": {
        "phaser": "^4.2.1"
      }
    },
    "node_modules/eventemitter3": {
      "version": "5.0.4",
      "resolved": "https://registry.npmjs.org/eventemitter3/-/eventemitter3-5.0.4.tgz",
      "integrity": "sha512-mlsTRyGaPBjPedk6Bvw+aqbsXDtoAyAzm5MO7JgU+yVRyMQ5O8bD4Kcci7BS85f93veegeCPkL8R4GLClnjLFw==",
      "license": "MIT"
    },
    "node_modules/phaser": {
      "version": "4.2.1",
      "resolved": "https://registry.npmjs.org/phaser/-/phaser-4.2.1.tgz",
      "integrity": "sha512-WUNwCPJpdjvZiuT6SgCfYVW8Qw/3j0jJ4ws7P2QkhFLFu74sbGuyHJcbFueGkY/AYO4Pi47bNQXn1OCJeLX//w==",
      "license": "MIT",
      "dependencies": {
        "eventemitter3": "^5.0.4"
      }
    }
  }
}
